{
  "requires": true,
  "lockfileVersion": 1,
  "dependencies": {
    "mockjs": {
      "version": "1.1.0",
      "resolved": "https://registry.npm.taobao.org/mockjs/download/mockjs-1.1.0.tgz",
      "dependencies": {
        "commander": {
          "version": "https://registry.npm.taobao.org/commander/download/commander-6.2.1.tgz?cache=0&sync_timestamp=1607931366290&other_urls=https%3A%2F%2Fregistry.npm.taobao.org%2Fcommander%2Fdownload%2Fcommander-6.2.1.tgz"
        }
      }
    },
    "node-sass": {
      "version": "5.0.0",
      "resolved": "https://registry.npm.taobao.org/node-sass/download/node-sass-5.0.0.tgz?cache=0&sync_timestamp=1604151170899&other_urls=https%3A%2F%2Fregistry.npm.taobao.org%2Fnode-sass%2Fdownload%2Fnode-sass-5.0.0.tgz",
      "dev": true,
      "dependencies": {
        "async-foreach": {
          "version": "https://registry.npm.taobao.org/async-foreach/download/async-foreach-0.1.3.tgz",
          "bundled": true
        },
        "chalk": {
          "version": "https://registry.npm.taobao.org/chalk/download/chalk-1.1.3.tgz?cache=0&sync_timestamp=1599827371543&other_urls=https%3A%2F%2Fregistry.npm.taobao.org%2Fchalk%2Fdownload%2Fchalk-1.1.3.tgz",
          "bundled": true
        },
        "cross-spawn": {
          "version": "https://registry.npm.taobao.org/cross-spawn/download/cross-spawn-7.0.3.tgz",
          "bundled": true,
          "dependencies": {
            "path-key": {
              "version": "https://registry.npm.taobao.org/path-key/download/path-key-3.1.1.tgz"
            },
            "shebang-command": {
              "version": "https://registry.npm.taobao.org/shebang-command/download/shebang-command-2.0.0.tgz"
            },
            "which": {
              "version": "https://registry.npm.taobao.org/which/download/which-2.0.2.tgz",
              "dependencies": {
                "isexe": {
                  "version": "https://registry.npm.taobao.org/isexe/download/isexe-2.0.0.tgz",
                  "bundled": true
                }
              }
            }
          }
        },
        "gaze": {
          "version": "https://registry.npm.taobao.org/gaze/download/gaze-1.1.3.tgz",
          "bundled": true
        },
        "get-stdin": {
          "version": "https://registry.npm.taobao.org/get-stdin/download/get-stdin-4.0.1.tgz",
          "bundled": true
        },
        "glob": {
          "version": "https://registry.npm.taobao.org/glob/download/glob-7.1.6.tgz",
          "bundled": true,
          "dependencies": {
            "fs.realpath": {
              "version": "https://registry.npm.taobao.org/fs.realpath/download/fs.realpath-1.0.0.tgz"
            },
            "inflight": {
              "version": "https://registry.npm.taobao.org/inflight/download/inflight-1.0.6.tgz"
            },
            "inherits": {
              "version": "https://registry.npm.taobao.org/inherits/download/inherits-2.0.4.tgz"
            },
            "minimatch": {
              "version": "https://registry.npm.taobao.org/minimatch/download/minimatch-3.0.4.tgz"
            },
            "once": {
              "version": "https://registry.npm.taobao.org/once/download/once-1.4.0.tgz",
              "dependencies": {
                "wrappy": {
                  "version": "https://registry.npm.taobao.org/wrappy/download/wrappy-1.0.2.tgz"
                }
              }
            },
            "path-is-absolute": {
              "version": "https://registry.npm.taobao.org/path-is-absolute/download/path-is-absolute-1.0.1.tgz"
            }
          }
        },
        "lodash": {
          "version": "https://registry.npm.taobao.org/lodash/download/lodash-4.17.20.tgz",
          "bundled": true
        },
        "meow": {
          "version": "https://registry.npm.taobao.org/meow/download/meow-3.7.0.tgz",
          "bundled": true
        },
        "mkdirp": {
          "version": "https://registry.npm.taobao.org/mkdirp/download/mkdirp-0.5.5.tgz",
          "bundled": true
        },
        "nan": {
          "version": "https://registry.npm.taobao.org/nan/download/nan-2.14.2.tgz?cache=0&sync_timestamp=1602591840744&other_urls=https%3A%2F%2Fregistry.npm.taobao.org%2Fnan%2Fdownload%2Fnan-2.14.2.tgz",
          "bundled": true
        },
        "node-gyp": {
          "version": "https://registry.npm.taobao.org/node-gyp/download/node-gyp-7.1.2.tgz?cache=0&sync_timestamp=1602898491734&other_urls=https%3A%2F%2Fregistry.npm.taobao.org%2Fnode-gyp%2Fdownload%2Fnode-gyp-7.1.2.tgz",
          "bundled": true,
          "dependencies": {
            "env-paths": {
              "version": "https://registry.npm.taobao.org/env-paths/download/env-paths-2.2.0.tgz"
            },
            "glob": {
              "version": "https://registry.npm.taobao.org/glob/download/glob-7.1.6.tgz"
            },
            "graceful-fs": {
              "version": "https://registry.npm.taobao.org/graceful-fs/download/graceful-fs-4.2.4.tgz"
            },
            "nopt": {
              "version": "https://registry.npm.taobao.org/nopt/download/nopt-5.0.0.tgz"
            },
            "npmlog": {
              "version": "https://registry.npm.taobao.org/npmlog/download/npmlog-4.1.2.tgz"
            },
            "request": {
              "version": "https://registry.npm.taobao.org/request/download/request-2.88.2.tgz"
            },
            "rimraf": {
              "version": "https://registry.npm.taobao.org/rimraf/download/rimraf-3.0.2.tgz"
            },
            "semver": {
              "version": "https://registry.npm.taobao.org/semver/download/semver-7.3.4.tgz",
              "dependencies": {
                "lru-cache": {
                  "version": "https://registry.npm.taobao.org/lru-cache/download/lru-cache-6.0.0.tgz",
                  "bundled": true
                }
              }
            },
            "tar": {
              "version": "https://registry.npm.taobao.org/tar/download/tar-6.0.5.tgz"
            },
            "which": {
              "version": "https://registry.npm.taobao.org/which/download/which-2.0.2.tgz"
            }
          }
        },
        "npmlog": {
          "version": "https://registry.npm.taobao.org/npmlog/download/npmlog-4.1.2.tgz",
          "bundled": true,
          "dependencies": {
            "are-we-there-yet": {
              "version": "https://registry.npm.taobao.org/are-we-there-yet/download/are-we-there-yet-1.1.5.tgz",
              "bundled": true
            },
            "console-control-strings": {
              "version": "https://registry.npm.taobao.org/console-control-strings/download/console-control-strings-1.1.0.tgz",
              "bundled": true
            },
            "gauge": {
              "version": "https://registry.npm.taobao.org/gauge/download/gauge-2.7.4.tgz",
              "bundled": true,
              "dependencies": {
                "aproba": {
                  "version": "https://registry.npm.taobao.org/aproba/download/aproba-1.2.0.tgz"
                },
                "console-control-strings": {
                  "version": "https://registry.npm.taobao.org/console-control-strings/download/console-control-strings-1.1.0.tgz"
                },
                "has-unicode": {
                  "version": "https://registry.npm.taobao.org/has-unicode/download/has-unicode-2.0.1.tgz"
                },
                "object-assign": {
                  "version": "https://registry.npm.taobao.org/object-assign/download/object-assign-4.1.1.tgz"
                },
                "signal-exit": {
                  "version": "https://registry.npm.taobao.org/signal-exit/download/signal-exit-3.0.3.tgz"
                },
                "string-width": {
                  "version": "https://registry.npm.taobao.org/string-width/download/string-width-1.0.2.tgz"
                },
                "strip-ansi": {
                  "version": "https://registry.npm.taobao.org/strip-ansi/download/strip-ansi-3.0.1.tgz",
                  "dependencies": {
                    "ansi-regex": {
                      "version": "https://registry.npm.taobao.org/ansi-regex/download/ansi-regex-2.1.1.tgz"
                    }
                  }
                },
                "wide-align": {
                  "version": "https://registry.npm.taobao.org/wide-align/download/wide-align-1.1.3.tgz"
                }
              }
            },
            "set-blocking": {
              "version": "https://registry.npm.taobao.org/set-blocking/download/set-blocking-2.0.0.tgz",
              "bundled": true
            }
          }
        },
        "request": {
          "version": "https://registry.npm.taobao.org/request/download/request-2.88.2.tgz",
          "bundled": true,
          "dependencies": {
            "aws-sign2": {
              "version": "https://registry.npm.taobao.org/aws-sign2/download/aws-sign2-0.7.0.tgz"
            },
            "aws4": {
              "version": "https://registry.npm.taobao.org/aws4/download/aws4-1.11.0.tgz?cache=0&sync_timestamp=1604101418476&other_urls=https%3A%2F%2Fregistry.npm.taobao.org%2Faws4%2Fdownload%2Faws4-1.11.0.tgz"
            },
            "caseless": {
              "version": "https://registry.npm.taobao.org/caseless/download/caseless-0.12.0.tgz"
            },
            "combined-stream": {
              "version": "https://registry.npm.taobao.org/combined-stream/download/combined-stream-1.0.8.tgz"
            },
            "extend": {
              "version": "https://registry.npm.taobao.org/extend/download/extend-3.0.2.tgz"
            },
            "forever-agent": {
              "version": "https://registry.npm.taobao.org/forever-agent/download/forever-agent-0.6.1.tgz"
            },
            "form-data": {
              "version": "https://registry.npm.taobao.org/form-data/download/form-data-2.3.3.tgz?cache=0&other_urls=https%3A%2F%2Fregistry.npm.taobao.org%2Fform-data%2Fdownload%2Fform-data-2.3.3.tgz",
              "dependencies": {
                "asynckit": {
                  "version": "https://registry.npm.taobao.org/asynckit/download/asynckit-0.4.0.tgz",
                  "bundled": true
                },
                "combined-stream": {
                  "version": "https://registry.npm.taobao.org/combined-stream/download/combined-stream-1.0.8.tgz",
                  "bundled": true,
                  "dependencies": {
                    "delayed-stream": {
                      "version": "https://registry.npm.taobao.org/delayed-stream/download/delayed-stream-1.0.0.tgz",
                      "bundled": true
                    }
                  }
                },
                "mime-types": {
                  "version": "https://registry.npm.taobao.org/mime-types/download/mime-types-2.1.27.tgz",
                  "bundled": true
                }
              }
            },
            "har-validator": {
              "version": "https://registry.npm.taobao.org/har-validator/download/har-validator-5.1.5.tgz"
            },
            "http-signature": {
              "version": "https://registry.npm.taobao.org/http-signature/download/http-signature-1.2.0.tgz?cache=0&sync_timestamp=1600868642944&other_urls=https%3A%2F%2Fregistry.npm.taobao.org%2Fhttp-signature%2Fdownload%2Fhttp-signature-1.2.0.tgz"
            },
            "is-typedarray": {
              "version": "https://registry.npm.taobao.org/is-typedarray/download/is-typedarray-1.0.0.tgz"
            },
            "isstream": {
              "version": "https://registry.npm.taobao.org/isstream/download/isstream-0.1.2.tgz"
            },
            "json-stringify-safe": {
              "version": "https://registry.npm.taobao.org/json-stringify-safe/download/json-stringify-safe-5.0.1.tgz"
            },
            "mime-types": {
              "version": "https://registry.npm.taobao.org/mime-types/download/mime-types-2.1.27.tgz",
              "dependencies": {
                "mime-db": {
                  "version": "https://registry.npm.taobao.org/mime-db/download/mime-db-1.44.0.tgz?cache=0&sync_timestamp=1600831248043&other_urls=https%3A%2F%2Fregistry.npm.taobao.org%2Fmime-db%2Fdownload%2Fmime-db-1.44.0.tgz"
                }
              }
            },
            "oauth-sign": {
              "version": "https://registry.npm.taobao.org/oauth-sign/download/oauth-sign-0.9.0.tgz"
            },
            "performance-now": {
              "version": "https://registry.npm.taobao.org/performance-now/download/performance-now-2.1.0.tgz"
            },
            "qs": {
              "version": "https://registry.npm.taobao.org/qs/download/qs-6.5.2.tgz"
            },
            "safe-buffer": {
              "version": "https://registry.npm.taobao.org/safe-buffer/download/safe-buffer-5.2.1.tgz"
            },
            "tough-cookie": {
              "version": "https://registry.npm.taobao.org/tough-cookie/download/tough-cookie-2.5.0.tgz"
            },
            "tunnel-agent": {
              "version": "https://registry.npm.taobao.org/tunnel-agent/download/tunnel-agent-0.6.0.tgz"
            },
            "uuid": {
              "version": "https://registry.npm.taobao.org/uuid/download/uuid-3.4.0.tgz?cache=0&sync_timestamp=1607461180592&other_urls=https%3A%2F%2Fregistry.npm.taobao.org%2Fuuid%2Fdownload%2Fuuid-3.4.0.tgz"
            }
          }
        },
        "sass-graph": {
          "version": "https://registry.npm.taobao.org/sass-graph/download/sass-graph-2.2.5.tgz",
          "bundled": true
        },
        "stdout-stream": {
          "version": "https://registry.npm.taobao.org/stdout-stream/download/stdout-stream-1.4.1.tgz",
          "bundled": true,
          "dependencies": {
            "readable-stream": {
              "version": "https://registry.npm.taobao.org/readable-stream/download/readable-stream-2.3.7.tgz",
              "bundled": true,
              "dependencies": {
                "core-util-is": {
                  "version": "https://registry.npm.taobao.org/core-util-is/download/core-util-is-1.0.2.tgz",
                  "bundled": true
                },
                "inherits": {
                  "version": "https://registry.npm.taobao.org/inherits/download/inherits-2.0.4.tgz",
                  "bundled": true
                },
                "isarray": {
                  "version": "https://registry.npm.taobao.org/isarray/download/isarray-1.0.0.tgz",
                  "bundled": true
                },
                "process-nextick-args": {
                  "version": "https://registry.npm.taobao.org/process-nextick-args/download/process-nextick-args-2.0.1.tgz",
                  "bundled": true
                },
                "safe-buffer": {
                  "version": "https://registry.npm.taobao.org/safe-buffer/download/safe-buffer-5.1.2.tgz",
                  "bundled": true
                },
                "string_decoder": {
                  "version": "https://registry.npm.taobao.org/string_decoder/download/string_decoder-1.1.1.tgz",
                  "bundled": true
                },
                "util-deprecate": {
                  "version": "https://registry.npm.taobao.org/util-deprecate/download/util-deprecate-1.0.2.tgz",
                  "bundled": true
                }
              }
            }
          }
        },
        "true-case-path": {
          "version": "https://registry.npm.taobao.org/true-case-path/download/true-case-path-1.0.3.tgz",
          "bundled": true,
          "dependencies": {
            "glob": {
              "version": "https://registry.npm.taobao.org/glob/download/glob-7.1.6.tgz",
              "dependencies": {
                "fs.realpath": {
                  "version": "https://registry.npm.taobao.org/fs.realpath/download/fs.realpath-1.0.0.tgz"
                },
                "inflight": {
                  "version": "https://registry.npm.taobao.org/inflight/download/inflight-1.0.6.tgz"
                },
                "inherits": {
                  "version": "https://registry.npm.taobao.org/inherits/download/inherits-2.0.4.tgz"
                },
                "minimatch": {
                  "version": "https://registry.npm.taobao.org/minimatch/download/minimatch-3.0.4.tgz"
                },
                "once": {
                  "version": "https://registry.npm.taobao.org/once/download/once-1.4.0.tgz",
                  "dependencies": {}
                },
                "path-is-absolute": {
                  "version": "https://registry.npm.taobao.org/path-is-absolute/download/path-is-absolute-1.0.1.tgz"
                }
              }
            }
          }
        }
      }
    },
    "sass-loader": {
      "version": "10.1.0",
      "resolved": "https://registry.npm.taobao.org/sass-loader/download/sass-loader-10.1.0.tgz?cache=0&sync_timestamp=1605100083277&other_urls=https%3A%2F%2Fregistry.npm.taobao.org%2Fsass-loader%2Fdownload%2Fsass-loader-10.1.0.tgz",
      "dev": true,
      "dependencies": {
        "klona": {
          "version": "https://registry.npm.taobao.org/klona/download/klona-2.0.4.tgz",
          "bundled": true
        },
        "loader-utils": {
          "version": "https://registry.npm.taobao.org/loader-utils/download/loader-utils-2.0.0.tgz?cache=0&sync_timestamp=1599827367788&other_urls=https%3A%2F%2Fregistry.npm.taobao.org%2Floader-utils%2Fdownload%2Floader-utils-2.0.0.tgz",
          "bundled": true
        },
        "neo-async": {
          "version": "https://registry.npm.taobao.org/neo-async/download/neo-async-2.6.2.tgz",
          "bundled": true
        },
        "schema-utils": {
          "version": "https://registry.npm.taobao.org/schema-utils/download/schema-utils-3.0.0.tgz",
          "bundled": true
        },
        "semver": {
          "version": "https://registry.npm.taobao.org/semver/download/semver-7.3.4.tgz",
          "bundled": true
        }
      }
    },
    "uview-ui": {
      "version": "1.8.2",
      "resolved": "https://registry.npmjs.org/uview-ui/-/uview-ui-1.8.2.tgz",
      "integrity": "sha512-6IfGC0ZzrgYhwloC57Ehg8pgStCg54WnjMGAN602AVOXBpxw14TwMDAVefKcw6LWJOLPNoh0zJAvWWX955YH8g=="
    }
  }
}
